
Microsoft Visual Studio Solution File, Format Version 12.00
# Visual Studio Version 17
VisualStudioVersion = 17.2.32630.192
MinimumVisualStudioVersion = 10.0.40219.1
Project("{FAE04EC0-301F-11D3-BF4B-00C04F79EFBC}") = "SportsCenter", "SportsCenter\SportsCenter.csproj", "{365F3F97-D75A-488B-A5BA-7C4B1CE60431}"
EndProject
Global
	GlobalSection(SolutionConfigurationPlatforms) = preSolution
		Debug|Any CPU = Debug|Any CPU
		Release|Any CPU = Release|Any CPU
	EndGlobalSection
	GlobalSection(ProjectConfigurationPlatforms) = postSolution
		{365F3F97-D75A-488B-A5BA-7C4B1CE60431}.Debug|Any CPU.ActiveCfg = Debug|Any CPU
		{365F3F97-D75A-488B-A5BA-7C4B1CE60431}.Debug|Any CPU.Build.0 = Debug|Any CPU
		{365F3F97-D75A-488B-A5BA-7C4B1CE60431}.Release|Any CPU.ActiveCfg = Release|Any CPU
		{365F3F97-D75A-488B-A5BA-7C4B1CE60431}.Release|Any CPU.Build.0 = Release|Any CPU
	EndGlobalSection
	GlobalSection(SolutionProperties) = preSolution
		HideSolutionNode = FALSE
	EndGlobalSection
	GlobalSection(ExtensibilityGlobals) = postSolution
		SolutionGuid = {B331BC9F-5C39-493C-9DC6-7670E9ED80BA}
	EndGlobalSection
EndGlobal
