
Microsoft Visual Studio Solution File, Format Version 12.00
# Visual Studio Version 17
VisualStudioVersion = 17.2.32630.192
MinimumVisualStudioVersion = 10.0.40219.1
Project("{FAE04EC0-301F-11D3-BF4B-00C04F79EFBC}") = "SportsCenter", "SportsCenter\SportsCenter.csproj", "{A761553C-51DE-4B96-8946-C3E96C156324}"
EndProject
Global
	GlobalSection(SolutionConfigurationPlatforms) = preSolution
		Debug|Any CPU = Debug|Any CPU
		Release|Any CPU = Release|Any CPU
	EndGlobalSection
	GlobalSection(ProjectConfigurationPlatforms) = postSolution
		{A761553C-51DE-4B96-8946-C3E96C156324}.Debug|Any CPU.ActiveCfg = Debug|Any CPU
		{A761553C-51DE-4B96-8946-C3E96C156324}.Debug|Any CPU.Build.0 = Debug|Any CPU
		{A761553C-51DE-4B96-8946-C3E96C156324}.Release|Any CPU.ActiveCfg = Release|Any CPU
		{A761553C-51DE-4B96-8946-C3E96C156324}.Release|Any CPU.Build.0 = Release|Any CPU
	EndGlobalSection
	GlobalSection(SolutionProperties) = preSolution
		HideSolutionNode = FALSE
	EndGlobalSection
	GlobalSection(ExtensibilityGlobals) = postSolution
		SolutionGuid = {167957ED-4003-42BD-BE96-9D4017C66863}
	EndGlobalSection
EndGlobal
